
Microsoft Visual Studio Solution File, Format Version 10.00
# Visual Studio 2008
Project("{8BC9CEB8-8B4A-11D0-8D11-00A0C91BC942}") = "ACHP3CPP", "ACHP3CPP.vcproj", "{8F86EEA5-F404-41E6-8E23-8B46BAAAC28C}"
EndProject
Global
	GlobalSection(SolutionConfigurationPlatforms) = preSolution
		Debug|Win32 = Debug|Win32
		Release|Win32 = Release|Win32
	EndGlobalSection
	GlobalSection(ProjectConfigurationPlatforms) = postSolution
		{8F86EEA5-F404-41E6-8E23-8B46BAAAC28C}.Debug|Win32.ActiveCfg = Debug|Win32
		{8F86EEA5-F404-41E6-8E23-8B46BAAAC28C}.Debug|Win32.Build.0 = Debug|Win32
		{8F86EEA5-F404-41E6-8E23-8B46BAAAC28C}.Release|Win32.ActiveCfg = Release|Win32
		{8F86EEA5-F404-41E6-8E23-8B46BAAAC28C}.Release|Win32.Build.0 = Release|Win32
	EndGlobalSection
	GlobalSection(SolutionProperties) = preSolution
		HideSolutionNode = FALSE
	EndGlobalSection
EndGlobal
